Microsoft Visual Studio Solution File, Format Version 12.00
# Visual Studio 15
VisualStudioVersion = 15.0.26403.7
MinimumVisualStudioVersion = 10.0.40219.1

Project("{2150E333-8FDC-42A3-9474-1A3956D46DE8}") = "misc", "misc", "{1FE0D431-A761-4239-B2D6-D32C70723FD2}"
    ProjectSection(SolutionItems) = preProject
        GlobalSuppressions.cs = GlobalSuppressions.cs
        MethodTimeLogger.cs = MethodTimeLogger.cs
        nuget.config = nuget.config
        [[SOLUTION.NAME]].sln.DotSettings = [[SOLUTION.NAME]].sln.DotSettings
        SolutionAssemblyInfo.cs = SolutionAssemblyInfo.cs
	EndProjectSection
EndProject

Project("{2150E333-8FDC-42A3-9474-1A3956D46DE8}") = "src", "src", "{A8A1A4EE-E04A-43AB-90C9-41E7B82EE1E5}"
EndProject
Project("{2150E333-8FDC-42A3-9474-1A3956D46DE8}") = "Core", "Core", "{0787DFC6-AB24-4D00-A8A4-FF203DC7D080}"
EndProject
Project("{2150E333-8FDC-42A3-9474-1A3956D46DE8}") = "Tests", "Tests", "{D3EA1078-BF3D-4709-871C-AAFF70B95045}"
EndProject
Project("{2150E333-8FDC-42A3-9474-1A3956D46DE8}") = "Example", "Example", "{672BFA2E-9F93-496F-B188-40579FB5D301}"
EndProject

Project("{FAE04EC0-301F-11D3-BF4B-00C04F79EFBC}") = "[[SOLUTION.NAME]].NET45", "[[SOLUTION.NAME]]\[[SOLUTION.NAME]].NET45\[[SOLUTION.NAME]].NET45.csproj", "{[[GUID.COMPONENT_NET45]]}"
EndProject
Project("{FAE04EC0-301F-11D3-BF4B-00C04F79EFBC}") = "[[SOLUTION.NAME]].NET46", "[[SOLUTION.NAME]]\[[SOLUTION.NAME]].NET46\[[SOLUTION.NAME]].NET46.csproj", "{[[GUID.COMPONENT_NET46]]}"
EndProject
Project("{FAE04EC0-301F-11D3-BF4B-00C04F79EFBC}") = "[[SOLUTION.NAME]].NET47", "[[SOLUTION.NAME]]\[[SOLUTION.NAME]].NET47\[[SOLUTION.NAME]].NET47.csproj", "{[[GUID.COMPONENT_NET47]]}"
EndProject
Project("{D954291E-2A0B-460D-934E-DC6B0785DB48}") = "[[SOLUTION.NAME]].Shared", "[[SOLUTION.NAME]]\[[SOLUTION.NAME]].Shared\[[SOLUTION.NAME]].Shared.shproj", "{[[GUID.COMPONENT_SHARED]]}"
EndProject

Project("{FAE04EC0-301F-11D3-BF4B-00C04F79EFBC}") = "[[SOLUTION.NAME]].Tests.NET45", "[[SOLUTION.NAME]].Tests\[[SOLUTION.NAME]].Tests.NET45\[[SOLUTION.NAME]].Tests.NET45.csproj", "{[[GUID.TESTS_NET46]]}"
EndProject
Project("{FAE04EC0-301F-11D3-BF4B-00C04F79EFBC}") = "[[SOLUTION.NAME]].Tests.NET46", "[[SOLUTION.NAME]].Tests\[[SOLUTION.NAME]].Tests.NET46\[[SOLUTION.NAME]].Tests.NET46.csproj", "{[[GUID.TESTS_NET45]]}"
EndProject
Project("{FAE04EC0-301F-11D3-BF4B-00C04F79EFBC}") = "[[SOLUTION.NAME]].Tests.NET47", "[[SOLUTION.NAME]].Tests\[[SOLUTION.NAME]].Tests.NET47\[[SOLUTION.NAME]].Tests.NET47.csproj", "{[[GUID.TESTS_NET47]]}"
EndProject
Project("{D954291E-2A0B-460D-934E-DC6B0785DB48}") = "[[SOLUTION.NAME]].Tests.Shared", "[[SOLUTION.NAME]].Tests\[[SOLUTION.NAME]].Tests.Shared\[[SOLUTION.NAME]].Tests.Shared.shproj", "{[[GUID.TESTS_SHARED]]}"
EndProject

Project("{FAE04EC0-301F-11D3-BF4B-00C04F79EFBC}") = "[[SOLUTION.NAME]].Example.NET45", "[[SOLUTION.NAME]].Example\[[SOLUTION.NAME]].Example.NET45\[[SOLUTION.NAME]].Example.NET45.csproj", "{[[GUID.EXAMPLE_NET45]]}"
EndProject
Project("{FAE04EC0-301F-11D3-BF4B-00C04F79EFBC}") = "[[SOLUTION.NAME]].Example.NET46", "[[SOLUTION.NAME]].Example\[[SOLUTION.NAME]].Example.NET46\[[SOLUTION.NAME]].Example.NET46.csproj", "{[[GUID.EXAMPLE_NET46]]}"
EndProject
Project("{FAE04EC0-301F-11D3-BF4B-00C04F79EFBC}") = "[[SOLUTION.NAME]].Example.NET47", "[[SOLUTION.NAME]].Example\[[SOLUTION.NAME]].Example.NET47\[[SOLUTION.NAME]].Example.NET47.csproj", "{[[GUID.EXAMPLE_NET47]]}"
EndProject
Project("{D954291E-2A0B-460D-934E-DC6B0785DB48}") = "[[SOLUTION.NAME]].Example.Shared", "[[SOLUTION.NAME]].Example\[[SOLUTION.NAME]].Example.Shared\[[SOLUTION.NAME]].Example.Shared.shproj", "{[[GUID.EXAMPLE_SHARED]]}"
EndProject

Global
    GlobalSection(SharedMSBuildProjectFiles) = preSolution
        [[SOLUTION.NAME]]\[[SOLUTION.NAME]].Shared\[[SOLUTION.NAME]].Shared.projitems*{[[GUID.COMPONENT_NET47]]}*SharedItemsImports = 4
        [[SOLUTION.NAME]].Example\[[SOLUTION.NAME]].Example.Shared\[[SOLUTION.NAME]].Example.Shared.projitems*{[[GUID.EXAMPLE_NET46]]}*SharedItemsImports = 4
        [[SOLUTION.NAME]].Tests\[[SOLUTION.NAME]].Tests.Shared\[[SOLUTION.NAME]].Tests.Shared.projitems*{[[GUID.TESTS_NET47]]}*SharedItemsImports = 4
        [[SOLUTION.NAME]]\[[SOLUTION.NAME]].Shared\[[SOLUTION.NAME]].Shared.projitems*{[[GUID.COMPONENT_NET46]]}*SharedItemsImports = 4
        [[SOLUTION.NAME]].Tests\[[SOLUTION.NAME]].Tests.Shared\[[SOLUTION.NAME]].Tests.Shared.projitems*{[[GUID.TESTS_NET45]]}*SharedItemsImports = 4
        [[SOLUTION.NAME]].Example\[[SOLUTION.NAME]].Example.Shared\[[SOLUTION.NAME]].Example.Shared.projitems*{[[GUID.EXAMPLE_NET47]]}*SharedItemsImports = 4
        [[SOLUTION.NAME]].Example\[[SOLUTION.NAME]].Example.Shared\[[SOLUTION.NAME]].Example.Shared.projitems*{[[GUID.EXAMPLE_SHARED]]}*SharedItemsImports = 13
        [[SOLUTION.NAME]].Tests\[[SOLUTION.NAME]].Tests.Shared\[[SOLUTION.NAME]].Tests.Shared.projitems*{[[GUID.TESTS_SHARED]]}*SharedItemsImports = 13
        [[SOLUTION.NAME]]\[[SOLUTION.NAME]].Shared\[[SOLUTION.NAME]].Shared.projitems*{[[GUID.COMPONENT_SHARED]]}*SharedItemsImports = 13
        [[SOLUTION.NAME]].Tests\[[SOLUTION.NAME]].Tests.Shared\[[SOLUTION.NAME]].Tests.Shared.projitems*{[[GUID.TESTS_NET46]]}*SharedItemsImports = 4
        [[SOLUTION.NAME]].Example\[[SOLUTION.NAME]].Example.Shared\[[SOLUTION.NAME]].Example.Shared.projitems*{[[GUID.EXAMPLE_NET45]]}*SharedItemsImports = 4
        [[SOLUTION.NAME]]\[[SOLUTION.NAME]].Shared\[[SOLUTION.NAME]].Shared.projitems*{[[GUID.COMPONENT_NET45]]}*SharedItemsImports = 4
    EndGlobalSection
    GlobalSection(SolutionConfigurationPlatforms) = preSolution
        Debug|Any CPU = Debug|Any CPU
        Release|Any CPU = Release|Any CPU
    EndGlobalSection
    GlobalSection(ProjectConfigurationPlatforms) = postSolution
        {[[GUID.EXAMPLE_SHARED]]}.Debug|Any CPU.ActiveCfg = Debug|Any CPU
        {[[GUID.EXAMPLE_SHARED]]}.Debug|Any CPU.Build.0 = Debug|Any CPU
        {[[GUID.EXAMPLE_SHARED]]}.Release|Any CPU.ActiveCfg = Release|Any CPU
        {[[GUID.EXAMPLE_SHARED]]}.Release|Any CPU.Build.0 = Release|Any CPU
        {[[GUID.COMPONENT_NET45]]}.Debug|Any CPU.ActiveCfg = Debug|Any CPU
        {[[GUID.COMPONENT_NET45]]}.Debug|Any CPU.Build.0 = Debug|Any CPU
        {[[GUID.COMPONENT_NET45]]}.Release|Any CPU.ActiveCfg = Release|Any CPU
        {[[GUID.COMPONENT_NET45]]}.Release|Any CPU.Build.0 = Release|Any CPU
        {[[GUID.COMPONENT_NET46]]}.Debug|Any CPU.ActiveCfg = Debug|Any CPU
        {[[GUID.COMPONENT_NET46]]}.Debug|Any CPU.Build.0 = Debug|Any CPU
        {[[GUID.COMPONENT_NET46]]}.Release|Any CPU.ActiveCfg = Release|Any CPU
        {[[GUID.COMPONENT_NET46]]}.Release|Any CPU.Build.0 = Release|Any CPU
        {[[GUID.COMPONENT_NET47]]}.Debug|Any CPU.ActiveCfg = Debug|Any CPU
        {[[GUID.COMPONENT_NET47]]}.Debug|Any CPU.Build.0 = Debug|Any CPU
        {[[GUID.COMPONENT_NET47]]}.Release|Any CPU.ActiveCfg = Release|Any CPU
        {[[GUID.COMPONENT_NET47]]}.Release|Any CPU.Build.0 = Release|Any CPU
        {[[GUID.TESTS_NET45]]}.Debug|Any CPU.ActiveCfg = Debug|Any CPU
        {[[GUID.TESTS_NET45]]}.Debug|Any CPU.Build.0 = Debug|Any CPU
        {[[GUID.TESTS_NET45]]}.Release|Any CPU.ActiveCfg = Release|Any CPU
        {[[GUID.TESTS_NET45]]}.Release|Any CPU.Build.0 = Release|Any CPU
        {[[GUID.TESTS_NET46]]}.Debug|Any CPU.ActiveCfg = Debug|Any CPU
        {[[GUID.TESTS_NET46]]}.Debug|Any CPU.Build.0 = Debug|Any CPU
        {[[GUID.TESTS_NET46]]}.Release|Any CPU.ActiveCfg = Release|Any CPU
        {[[GUID.TESTS_NET46]]}.Release|Any CPU.Build.0 = Release|Any CPU
        {[[GUID.TESTS_NET47]]}.Debug|Any CPU.ActiveCfg = Debug|Any CPU
        {[[GUID.TESTS_NET47]]}.Debug|Any CPU.Build.0 = Debug|Any CPU
        {[[GUID.TESTS_NET47]]}.Release|Any CPU.ActiveCfg = Release|Any CPU
        {[[GUID.TESTS_NET47]]}.Release|Any CPU.Build.0 = Release|Any CPU
        {[[GUID.EXAMPLE_NET45]]}.Debug|Any CPU.ActiveCfg = Debug|Any CPU
        {[[GUID.EXAMPLE_NET45]]}.Debug|Any CPU.Build.0 = Debug|Any CPU
        {[[GUID.EXAMPLE_NET45]]}.Release|Any CPU.ActiveCfg = Release|Any CPU
        {[[GUID.EXAMPLE_NET45]]}.Release|Any CPU.Build.0 = Release|Any CPU
        {[[GUID.EXAMPLE_NET46]]}.Debug|Any CPU.ActiveCfg = Debug|Any CPU
        {[[GUID.EXAMPLE_NET46]]}.Debug|Any CPU.Build.0 = Debug|Any CPU
        {[[GUID.EXAMPLE_NET46]]}.Release|Any CPU.ActiveCfg = Release|Any CPU
        {[[GUID.EXAMPLE_NET46]]}.Release|Any CPU.Build.0 = Release|Any CPU
        {[[GUID.EXAMPLE_NET47]]}.Debug|Any CPU.ActiveCfg = Debug|Any CPU
        {[[GUID.EXAMPLE_NET47]]}.Debug|Any CPU.Build.0 = Debug|Any CPU
        {[[GUID.EXAMPLE_NET47]]}.Release|Any CPU.ActiveCfg = Release|Any CPU
        {[[GUID.EXAMPLE_NET47]]}.Release|Any CPU.Build.0 = Release|Any CPU
    EndGlobalSection
    GlobalSection(SolutionProperties) = preSolution
        HideSolutionNode = FALSE
    EndGlobalSection
    GlobalSection(NestedProjects) = preSolution
        {0787DFC6-AB24-4D00-A8A4-FF203DC7D080} = {A8A1A4EE-E04A-43AB-90C9-41E7B82EE1E5}
        {D3EA1078-BF3D-4709-871C-AAFF70B95045} = {A8A1A4EE-E04A-43AB-90C9-41E7B82EE1E5}    
        {672BFA2E-9F93-496F-B188-40579FB5D301} = {A8A1A4EE-E04A-43AB-90C9-41E7B82EE1E5}
    
        {[[GUID.COMPONENT_NET45]]} = {0787DFC6-AB24-4D00-A8A4-FF203DC7D080}
        {[[GUID.COMPONENT_NET46]]} = {0787DFC6-AB24-4D00-A8A4-FF203DC7D080}
        {[[GUID.COMPONENT_NET47]]} = {0787DFC6-AB24-4D00-A8A4-FF203DC7D080}
        {[[GUID.COMPONENT_SHARED]]} = {0787DFC6-AB24-4D00-A8A4-FF203DC7D080}
        
        {[[GUID.TESTS_NET45]]} = {D3EA1078-BF3D-4709-871C-AAFF70B95045}
        {[[GUID.TESTS_NET46]]} = {D3EA1078-BF3D-4709-871C-AAFF70B95045}
        {[[GUID.TESTS_NET47]]} = {D3EA1078-BF3D-4709-871C-AAFF70B95045}
        {[[GUID.TESTS_SHARED]]} = {D3EA1078-BF3D-4709-871C-AAFF70B95045}

        {[[GUID.EXAMPLE_NET45]]} = {672BFA2E-9F93-496F-B188-40579FB5D301}
        {[[GUID.EXAMPLE_NET46]]} = {672BFA2E-9F93-496F-B188-40579FB5D301}
        {[[GUID.EXAMPLE_NET47]]} = {672BFA2E-9F93-496F-B188-40579FB5D301}
        {[[GUID.EXAMPLE_SHARED]]} = {672BFA2E-9F93-496F-B188-40579FB5D301}
    EndGlobalSection
EndGlobal
