Microsoft Visual Studio Solution File, Format Version 12.00
# Visual Studio 14
VisualStudioVersion = 14.0.25123.0
MinimumVisualStudioVersion = 10.0.40219.1
Project("{FAE04EC0-301F-11D3-BF4B-00C04F79EFBC}") = "SolutionGenerator", "SolutionGenerator\SolutionGenerator.csproj", "{175BDF78-5F4E-407D-B63C-52F7DB65FFFA}"
	ProjectSection(ProjectDependencies) = postProject
		{F3442E68-FAF4-4727-86BC-DFEE59A17623} = {F3442E68-FAF4-4727-86BC-DFEE59A17623}
	EndProjectSection
EndProject
Project("{2150E333-8FDC-42A3-9474-1A3956D46DE8}") = "src", "src", "{8AED3657-3762-4B95-8434-71B300207011}"
EndProject
Project("{2150E333-8FDC-42A3-9474-1A3956D46DE8}") = "misc", "misc", "{C654E9B5-4044-4BFA-B0BB-AA7C54A5F249}"
	ProjectSection(SolutionItems) = preProject
		MethodTimeLogger.cs = MethodTimeLogger.cs
		nuget.config = nuget.config
		SolutionAssemblyInfo.cs = SolutionAssemblyInfo.cs
	EndProjectSection
EndProject
Project("{2150E333-8FDC-42A3-9474-1A3956D46DE8}") = "Tests", "Tests", "{AA51D3AF-8878-4B90-BF7E-E09C5E71CBAF}"
EndProject
Project("{FAE04EC0-301F-11D3-BF4B-00C04F79EFBC}") = "SolutionGenerator.Tests", "SolutionGenerator.Tests\SolutionGenerator.Tests.csproj", "{DA2ADBC7-BAA5-482F-A588-AA4BFDD692DB}"
EndProject
Project("{2150E333-8FDC-42A3-9474-1A3956D46DE8}") = "App", "App", "{05867F77-BC6D-4EF6-9911-60B369EDA484}"
EndProject
Project("{2150E333-8FDC-42A3-9474-1A3956D46DE8}") = "Extensibility.Api", "Extensibility.Api", "{52B738FC-F0CB-4A3A-AC0C-CCF381C703B7}"
EndProject
Project("{FAE04EC0-301F-11D3-BF4B-00C04F79EFBC}") = "SolutionGenerator.Api", "SolutionGenerator.Api\SolutionGenerator.Api.csproj", "{14B74996-05F7-446F-AA49-D347F5C9B93B}"
EndProject
Project("{2150E333-8FDC-42A3-9474-1A3956D46DE8}") = "Api", "Api", "{AAF798E2-0130-4400-ABE8-82A90DF2CFED}"
EndProject
Project("{2150E333-8FDC-42A3-9474-1A3956D46DE8}") = "Plugins", "Plugins", "{785D9AB2-B17E-4BDE-AFEB-EBF57B7541DF}"
EndProject
Project("{FAE04EC0-301F-11D3-BF4B-00C04F79EFBC}") = "SolutionGenerator.Templates.CatelWpfApp", "SolutionGenerator.Templates.CatelWpfApp\SolutionGenerator.Templates.CatelWpfApp.csproj", "{F3442E68-FAF4-4727-86BC-DFEE59A17623}"
EndProject
Global
	GlobalSection(SolutionConfigurationPlatforms) = preSolution
		Debug|Any CPU = Debug|Any CPU
		Release|Any CPU = Release|Any CPU
	EndGlobalSection
	GlobalSection(ProjectConfigurationPlatforms) = postSolution
		{175BDF78-5F4E-407D-B63C-52F7DB65FFFA}.Debug|Any CPU.ActiveCfg = Debug|Any CPU
		{175BDF78-5F4E-407D-B63C-52F7DB65FFFA}.Debug|Any CPU.Build.0 = Debug|Any CPU
		{175BDF78-5F4E-407D-B63C-52F7DB65FFFA}.Release|Any CPU.ActiveCfg = Release|Any CPU
		{175BDF78-5F4E-407D-B63C-52F7DB65FFFA}.Release|Any CPU.Build.0 = Release|Any CPU
		{DA2ADBC7-BAA5-482F-A588-AA4BFDD692DB}.Debug|Any CPU.ActiveCfg = Debug|Any CPU
		{DA2ADBC7-BAA5-482F-A588-AA4BFDD692DB}.Debug|Any CPU.Build.0 = Debug|Any CPU
		{DA2ADBC7-BAA5-482F-A588-AA4BFDD692DB}.Release|Any CPU.ActiveCfg = Release|Any CPU
		{DA2ADBC7-BAA5-482F-A588-AA4BFDD692DB}.Release|Any CPU.Build.0 = Release|Any CPU
		{14B74996-05F7-446F-AA49-D347F5C9B93B}.Debug|Any CPU.ActiveCfg = Debug|Any CPU
		{14B74996-05F7-446F-AA49-D347F5C9B93B}.Debug|Any CPU.Build.0 = Debug|Any CPU
		{14B74996-05F7-446F-AA49-D347F5C9B93B}.Release|Any CPU.ActiveCfg = Release|Any CPU
		{14B74996-05F7-446F-AA49-D347F5C9B93B}.Release|Any CPU.Build.0 = Release|Any CPU
		{F3442E68-FAF4-4727-86BC-DFEE59A17623}.Debug|Any CPU.ActiveCfg = Debug|Any CPU
		{F3442E68-FAF4-4727-86BC-DFEE59A17623}.Debug|Any CPU.Build.0 = Debug|Any CPU
		{F3442E68-FAF4-4727-86BC-DFEE59A17623}.Release|Any CPU.ActiveCfg = Release|Any CPU
		{F3442E68-FAF4-4727-86BC-DFEE59A17623}.Release|Any CPU.Build.0 = Release|Any CPU
	EndGlobalSection
	GlobalSection(SolutionProperties) = preSolution
		HideSolutionNode = FALSE
	EndGlobalSection
	GlobalSection(NestedProjects) = preSolution
		{175BDF78-5F4E-407D-B63C-52F7DB65FFFA} = {05867F77-BC6D-4EF6-9911-60B369EDA484}
		{AA51D3AF-8878-4B90-BF7E-E09C5E71CBAF} = {8AED3657-3762-4B95-8434-71B300207011}
		{DA2ADBC7-BAA5-482F-A588-AA4BFDD692DB} = {AA51D3AF-8878-4B90-BF7E-E09C5E71CBAF}
		{05867F77-BC6D-4EF6-9911-60B369EDA484} = {8AED3657-3762-4B95-8434-71B300207011}
		{52B738FC-F0CB-4A3A-AC0C-CCF381C703B7} = {8AED3657-3762-4B95-8434-71B300207011}
		{14B74996-05F7-446F-AA49-D347F5C9B93B} = {AAF798E2-0130-4400-ABE8-82A90DF2CFED}
		{AAF798E2-0130-4400-ABE8-82A90DF2CFED} = {52B738FC-F0CB-4A3A-AC0C-CCF381C703B7}
		{785D9AB2-B17E-4BDE-AFEB-EBF57B7541DF} = {52B738FC-F0CB-4A3A-AC0C-CCF381C703B7}
		{F3442E68-FAF4-4727-86BC-DFEE59A17623} = {785D9AB2-B17E-4BDE-AFEB-EBF57B7541DF}
	EndGlobalSection
EndGlobal
