Microsoft Visual Studio Solution File, Format Version 12.00
# Visual Studio 14
VisualStudioVersion = 14.0.25123.0
MinimumVisualStudioVersion = 10.0.40219.1
Project("{FAE04EC0-301F-11D3-BF4B-00C04F79EFBC}") = "[[SOLUTION.NAME]].Console.NET40", "[[SOLUTION.NAME]].Console\[[SOLUTION.NAME]].Console.NET40\[[SOLUTION.NAME]].Console.NET40.csproj", "{0191683B-0BF5-4D71-A7C8-661AC97B895D}"
EndProject
Project("{2150E333-8FDC-42A3-9474-1A3956D46DE8}") = "src", "src", "{B7A32BD3-C115-4E23-BEB7-A9E263E78383}"
EndProject
Project("{2150E333-8FDC-42A3-9474-1A3956D46DE8}") = "misc", "misc", "{DF3D13E1-3A47-4B71-9D36-F6E5E58FA2F4}"
	ProjectSection(SolutionItems) = preProject
		[[SOLUTION.NAME]].sln.DotSettings = [[SOLUTION.NAME]].sln.DotSettings
		nuget.config = nuget.config
		Settings.StyleCop = Settings.StyleCop
		SolutionAssemblyInfo.cs = SolutionAssemblyInfo.cs
	EndProjectSection
EndProject
Project("{FAE04EC0-301F-11D3-BF4B-00C04F79EFBC}") = "[[SOLUTION.NAME]].NET40", "[[SOLUTION.NAME]]\[[SOLUTION.NAME]].NET40\[[SOLUTION.NAME]].NET40.csproj", "{4DCF7B6A-D019-4E8B-912A-903AE2F027A4}"
EndProject
Project("{FAE04EC0-301F-11D3-BF4B-00C04F79EFBC}") = "[[SOLUTION.NAME]].Tests.NET40", "[[SOLUTION.NAME]].Tests\[[SOLUTION.NAME]].Tests.NET40\[[SOLUTION.NAME]].Tests.NET40.csproj", "{F9F5E4A1-95D3-49A2-83EB-391C9CCEBE69}"
EndProject
Project("{2150E333-8FDC-42A3-9474-1A3956D46DE8}") = "Core", "Core", "{261E07AE-0A3E-49EF-B4C5-7F884A056F45}"
EndProject
Project("{2150E333-8FDC-42A3-9474-1A3956D46DE8}") = "Console", "Console", "{2FC9C328-8BBB-44B9-AF52-E261EEB876BE}"
EndProject
Project("{2150E333-8FDC-42A3-9474-1A3956D46DE8}") = "Tests", "Tests", "{BB645CF8-7251-4CCA-83BE-5C2BE41E09CF}"
EndProject
Project("{D954291E-2A0B-460D-934E-DC6B0785DB48}") = "[[SOLUTION.NAME]].Shared", "[[SOLUTION.NAME]]\[[SOLUTION.NAME]].Shared\[[SOLUTION.NAME]].Shared.shproj", "{86A2ED98-8615-43E7-BB48-FFD6BFE6A3F1}"
EndProject
Project("{D954291E-2A0B-460D-934E-DC6B0785DB48}") = "[[SOLUTION.NAME]].Console.Shared", "[[SOLUTION.NAME]].Console\[[SOLUTION.NAME]].Console.Shared\[[SOLUTION.NAME]].Console.Shared.shproj", "{F772C7F1-D8A0-45F3-AE95-E37E61CA51DB}"
EndProject
Project("{D954291E-2A0B-460D-934E-DC6B0785DB48}") = "[[SOLUTION.NAME]].Tests.Shared", "[[SOLUTION.NAME]].Tests\[[SOLUTION.NAME]].Tests.Shared\[[SOLUTION.NAME]].Tests.Shared.shproj", "{487B10AA-91BA-44B2-A73B-8AF281EFC6A5}"
EndProject
Project("{FAE04EC0-301F-11D3-BF4B-00C04F79EFBC}") = "[[SOLUTION.NAME]].NET45", "[[SOLUTION.NAME]]\[[SOLUTION.NAME]].NET45\[[SOLUTION.NAME]].NET45.csproj", "{34EE4C49-B762-4796-8FE0-EF30E681800A}"
EndProject
Project("{FAE04EC0-301F-11D3-BF4B-00C04F79EFBC}") = "[[SOLUTION.NAME]].Console.NET45", "[[SOLUTION.NAME]].Console\[[SOLUTION.NAME]].Console.NET45\[[SOLUTION.NAME]].Console.NET45.csproj", "{BFEFED33-3E3D-4B1F-8A1E-AE9AC8BA87BC}"
EndProject
Project("{FAE04EC0-301F-11D3-BF4B-00C04F79EFBC}") = "[[SOLUTION.NAME]].Tests.NET45", "[[SOLUTION.NAME]].Tests\[[SOLUTION.NAME]].Tests.NET45\[[SOLUTION.NAME]].Tests.NET45.csproj", "{860CAF32-964E-45CF-822C-CED09870E758}"
EndProject
Project("{FAE04EC0-301F-11D3-BF4B-00C04F79EFBC}") = "[[SOLUTION.NAME]].NET46", "[[SOLUTION.NAME]]\[[SOLUTION.NAME]].NET46\[[SOLUTION.NAME]].NET46.csproj", "{F9F83F94-3437-4AA1-BB15-745676419140}"
EndProject
Project("{FAE04EC0-301F-11D3-BF4B-00C04F79EFBC}") = "[[SOLUTION.NAME]].Console.NET46", "[[SOLUTION.NAME]].Console\[[SOLUTION.NAME]].Console.NET46\[[SOLUTION.NAME]].Console.NET46.csproj", "{5996681D-7243-4913-BEFD-6253AC52EBC1}"
EndProject
Project("{FAE04EC0-301F-11D3-BF4B-00C04F79EFBC}") = "[[SOLUTION.NAME]].Tests.NET46", "[[SOLUTION.NAME]].Tests\[[SOLUTION.NAME]].Tests.NET46\[[SOLUTION.NAME]].Tests.NET46.csproj", "{17A7F756-0D38-4DFB-9367-C9E3DAA92B49}"
EndProject
Global
	GlobalSection(SharedMSBuildProjectFiles) = preSolution
		[[SOLUTION.NAME]]\[[SOLUTION.NAME]].Shared\[[SOLUTION.NAME]].Shared.projitems*{f9f83f94-3437-4aa1-bb15-745676419140}*SharedItemsImports = 4
		[[SOLUTION.NAME]].Console\[[SOLUTION.NAME]].Console.Shared\[[SOLUTION.NAME]].Console.Shared.projitems*{f772c7f1-d8a0-45f3-ae95-e37e61ca51db}*SharedItemsImports = 13
		[[SOLUTION.NAME]].Tests\[[SOLUTION.NAME]].Tests.Shared\[[SOLUTION.NAME]].Tests.Shared.projitems*{17a7f756-0d38-4dfb-9367-c9e3daa92b49}*SharedItemsImports = 4
		[[SOLUTION.NAME]].Tests\[[SOLUTION.NAME]].Tests.Shared\[[SOLUTION.NAME]].Tests.Shared.projitems*{860caf32-964e-45cf-822c-ced09870e758}*SharedItemsImports = 4
		[[SOLUTION.NAME]]\[[SOLUTION.NAME]].Shared\[[SOLUTION.NAME]].Shared.projitems*{86a2ed98-8615-43e7-bb48-ffd6bfe6a3f1}*SharedItemsImports = 13
		[[SOLUTION.NAME]]\[[SOLUTION.NAME]].Shared\[[SOLUTION.NAME]].Shared.projitems*{4dcf7b6a-d019-4e8b-912a-903ae2f027a4}*SharedItemsImports = 4
		[[SOLUTION.NAME]].Console\[[SOLUTION.NAME]].Console.Shared\[[SOLUTION.NAME]].Console.Shared.projitems*{bfefed33-3e3d-4b1f-8a1e-ae9ac8ba87bc}*SharedItemsImports = 4
		[[SOLUTION.NAME]].Console\[[SOLUTION.NAME]].Console.Shared\[[SOLUTION.NAME]].Console.Shared.projitems*{5996681d-7243-4913-befd-6253ac52ebc1}*SharedItemsImports = 4
		[[SOLUTION.NAME]].Tests\[[SOLUTION.NAME]].Tests.Shared\[[SOLUTION.NAME]].Tests.Shared.projitems*{487b10aa-91ba-44b2-a73b-8af281efc6a5}*SharedItemsImports = 13
		[[SOLUTION.NAME]].Tests\[[SOLUTION.NAME]].Tests.Shared\[[SOLUTION.NAME]].Tests.Shared.projitems*{f9f5e4a1-95d3-49a2-83eb-391c9ccebe69}*SharedItemsImports = 4
		[[SOLUTION.NAME]].Console\[[SOLUTION.NAME]].Console.Shared\[[SOLUTION.NAME]].Console.Shared.projitems*{0191683b-0bf5-4d71-a7c8-661ac97b895d}*SharedItemsImports = 4
		[[SOLUTION.NAME]]\[[SOLUTION.NAME]].Shared\[[SOLUTION.NAME]].Shared.projitems*{34ee4c49-b762-4796-8fe0-ef30e681800a}*SharedItemsImports = 4
	EndGlobalSection
	GlobalSection(SolutionConfigurationPlatforms) = preSolution
		CodeAnalysis|Any CPU = CodeAnalysis|Any CPU
		Debug|Any CPU = Debug|Any CPU
		Release|Any CPU = Release|Any CPU
	EndGlobalSection
	GlobalSection(ProjectConfigurationPlatforms) = postSolution
		{0191683B-0BF5-4D71-A7C8-661AC97B895D}.CodeAnalysis|Any CPU.ActiveCfg = Release|Any CPU
		{0191683B-0BF5-4D71-A7C8-661AC97B895D}.CodeAnalysis|Any CPU.Build.0 = Release|Any CPU
		{0191683B-0BF5-4D71-A7C8-661AC97B895D}.Debug|Any CPU.ActiveCfg = Debug|Any CPU
		{0191683B-0BF5-4D71-A7C8-661AC97B895D}.Debug|Any CPU.Build.0 = Debug|Any CPU
		{0191683B-0BF5-4D71-A7C8-661AC97B895D}.Release|Any CPU.ActiveCfg = Release|Any CPU
		{0191683B-0BF5-4D71-A7C8-661AC97B895D}.Release|Any CPU.Build.0 = Release|Any CPU
		{4DCF7B6A-D019-4E8B-912A-903AE2F027A4}.CodeAnalysis|Any CPU.ActiveCfg = Release|Any CPU
		{4DCF7B6A-D019-4E8B-912A-903AE2F027A4}.CodeAnalysis|Any CPU.Build.0 = Release|Any CPU
		{4DCF7B6A-D019-4E8B-912A-903AE2F027A4}.Debug|Any CPU.ActiveCfg = Debug|Any CPU
		{4DCF7B6A-D019-4E8B-912A-903AE2F027A4}.Debug|Any CPU.Build.0 = Debug|Any CPU
		{4DCF7B6A-D019-4E8B-912A-903AE2F027A4}.Release|Any CPU.ActiveCfg = Release|Any CPU
		{4DCF7B6A-D019-4E8B-912A-903AE2F027A4}.Release|Any CPU.Build.0 = Release|Any CPU
		{F9F5E4A1-95D3-49A2-83EB-391C9CCEBE69}.CodeAnalysis|Any CPU.ActiveCfg = Release|Any CPU
		{F9F5E4A1-95D3-49A2-83EB-391C9CCEBE69}.CodeAnalysis|Any CPU.Build.0 = Release|Any CPU
		{F9F5E4A1-95D3-49A2-83EB-391C9CCEBE69}.Debug|Any CPU.ActiveCfg = Debug|Any CPU
		{F9F5E4A1-95D3-49A2-83EB-391C9CCEBE69}.Debug|Any CPU.Build.0 = Debug|Any CPU
		{F9F5E4A1-95D3-49A2-83EB-391C9CCEBE69}.Release|Any CPU.ActiveCfg = Release|Any CPU
		{F9F5E4A1-95D3-49A2-83EB-391C9CCEBE69}.Release|Any CPU.Build.0 = Release|Any CPU
		{34EE4C49-B762-4796-8FE0-EF30E681800A}.CodeAnalysis|Any CPU.ActiveCfg = Release|Any CPU
		{34EE4C49-B762-4796-8FE0-EF30E681800A}.CodeAnalysis|Any CPU.Build.0 = Release|Any CPU
		{34EE4C49-B762-4796-8FE0-EF30E681800A}.Debug|Any CPU.ActiveCfg = Debug|Any CPU
		{34EE4C49-B762-4796-8FE0-EF30E681800A}.Debug|Any CPU.Build.0 = Debug|Any CPU
		{34EE4C49-B762-4796-8FE0-EF30E681800A}.Release|Any CPU.ActiveCfg = Release|Any CPU
		{34EE4C49-B762-4796-8FE0-EF30E681800A}.Release|Any CPU.Build.0 = Release|Any CPU
		{BFEFED33-3E3D-4B1F-8A1E-AE9AC8BA87BC}.CodeAnalysis|Any CPU.ActiveCfg = Release|Any CPU
		{BFEFED33-3E3D-4B1F-8A1E-AE9AC8BA87BC}.CodeAnalysis|Any CPU.Build.0 = Release|Any CPU
		{BFEFED33-3E3D-4B1F-8A1E-AE9AC8BA87BC}.Debug|Any CPU.ActiveCfg = Debug|Any CPU
		{BFEFED33-3E3D-4B1F-8A1E-AE9AC8BA87BC}.Debug|Any CPU.Build.0 = Debug|Any CPU
		{BFEFED33-3E3D-4B1F-8A1E-AE9AC8BA87BC}.Release|Any CPU.ActiveCfg = Release|Any CPU
		{BFEFED33-3E3D-4B1F-8A1E-AE9AC8BA87BC}.Release|Any CPU.Build.0 = Release|Any CPU
		{860CAF32-964E-45CF-822C-CED09870E758}.CodeAnalysis|Any CPU.ActiveCfg = Release|Any CPU
		{860CAF32-964E-45CF-822C-CED09870E758}.CodeAnalysis|Any CPU.Build.0 = Release|Any CPU
		{860CAF32-964E-45CF-822C-CED09870E758}.Debug|Any CPU.ActiveCfg = Debug|Any CPU
		{860CAF32-964E-45CF-822C-CED09870E758}.Debug|Any CPU.Build.0 = Debug|Any CPU
		{860CAF32-964E-45CF-822C-CED09870E758}.Release|Any CPU.ActiveCfg = Release|Any CPU
		{860CAF32-964E-45CF-822C-CED09870E758}.Release|Any CPU.Build.0 = Release|Any CPU
		{F9F83F94-3437-4AA1-BB15-745676419140}.CodeAnalysis|Any CPU.ActiveCfg = Release|Any CPU
		{F9F83F94-3437-4AA1-BB15-745676419140}.CodeAnalysis|Any CPU.Build.0 = Release|Any CPU
		{F9F83F94-3437-4AA1-BB15-745676419140}.Debug|Any CPU.ActiveCfg = Debug|Any CPU
		{F9F83F94-3437-4AA1-BB15-745676419140}.Debug|Any CPU.Build.0 = Debug|Any CPU
		{F9F83F94-3437-4AA1-BB15-745676419140}.Release|Any CPU.ActiveCfg = Release|Any CPU
		{F9F83F94-3437-4AA1-BB15-745676419140}.Release|Any CPU.Build.0 = Release|Any CPU
		{5996681D-7243-4913-BEFD-6253AC52EBC1}.CodeAnalysis|Any CPU.ActiveCfg = Release|Any CPU
		{5996681D-7243-4913-BEFD-6253AC52EBC1}.CodeAnalysis|Any CPU.Build.0 = Release|Any CPU
		{5996681D-7243-4913-BEFD-6253AC52EBC1}.Debug|Any CPU.ActiveCfg = Debug|Any CPU
		{5996681D-7243-4913-BEFD-6253AC52EBC1}.Debug|Any CPU.Build.0 = Debug|Any CPU
		{5996681D-7243-4913-BEFD-6253AC52EBC1}.Release|Any CPU.ActiveCfg = Release|Any CPU
		{5996681D-7243-4913-BEFD-6253AC52EBC1}.Release|Any CPU.Build.0 = Release|Any CPU
		{17A7F756-0D38-4DFB-9367-C9E3DAA92B49}.CodeAnalysis|Any CPU.ActiveCfg = Release|Any CPU
		{17A7F756-0D38-4DFB-9367-C9E3DAA92B49}.CodeAnalysis|Any CPU.Build.0 = Release|Any CPU
		{17A7F756-0D38-4DFB-9367-C9E3DAA92B49}.Debug|Any CPU.ActiveCfg = Debug|Any CPU
		{17A7F756-0D38-4DFB-9367-C9E3DAA92B49}.Debug|Any CPU.Build.0 = Debug|Any CPU
		{17A7F756-0D38-4DFB-9367-C9E3DAA92B49}.Release|Any CPU.ActiveCfg = Release|Any CPU
		{17A7F756-0D38-4DFB-9367-C9E3DAA92B49}.Release|Any CPU.Build.0 = Release|Any CPU
	EndGlobalSection
	GlobalSection(SolutionProperties) = preSolution
		HideSolutionNode = FALSE
	EndGlobalSection
	GlobalSection(NestedProjects) = preSolution
		{0191683B-0BF5-4D71-A7C8-661AC97B895D} = {2FC9C328-8BBB-44B9-AF52-E261EEB876BE}
		{4DCF7B6A-D019-4E8B-912A-903AE2F027A4} = {261E07AE-0A3E-49EF-B4C5-7F884A056F45}
		{F9F5E4A1-95D3-49A2-83EB-391C9CCEBE69} = {BB645CF8-7251-4CCA-83BE-5C2BE41E09CF}
		{261E07AE-0A3E-49EF-B4C5-7F884A056F45} = {B7A32BD3-C115-4E23-BEB7-A9E263E78383}
		{2FC9C328-8BBB-44B9-AF52-E261EEB876BE} = {B7A32BD3-C115-4E23-BEB7-A9E263E78383}
		{BB645CF8-7251-4CCA-83BE-5C2BE41E09CF} = {B7A32BD3-C115-4E23-BEB7-A9E263E78383}
		{86A2ED98-8615-43E7-BB48-FFD6BFE6A3F1} = {261E07AE-0A3E-49EF-B4C5-7F884A056F45}
		{F772C7F1-D8A0-45F3-AE95-E37E61CA51DB} = {2FC9C328-8BBB-44B9-AF52-E261EEB876BE}
		{487B10AA-91BA-44B2-A73B-8AF281EFC6A5} = {BB645CF8-7251-4CCA-83BE-5C2BE41E09CF}
		{34EE4C49-B762-4796-8FE0-EF30E681800A} = {261E07AE-0A3E-49EF-B4C5-7F884A056F45}
		{BFEFED33-3E3D-4B1F-8A1E-AE9AC8BA87BC} = {2FC9C328-8BBB-44B9-AF52-E261EEB876BE}
		{860CAF32-964E-45CF-822C-CED09870E758} = {BB645CF8-7251-4CCA-83BE-5C2BE41E09CF}
		{F9F83F94-3437-4AA1-BB15-745676419140} = {261E07AE-0A3E-49EF-B4C5-7F884A056F45}
		{5996681D-7243-4913-BEFD-6253AC52EBC1} = {2FC9C328-8BBB-44B9-AF52-E261EEB876BE}
		{17A7F756-0D38-4DFB-9367-C9E3DAA92B49} = {BB645CF8-7251-4CCA-83BE-5C2BE41E09CF}
	EndGlobalSection
EndGlobal
